<?xml version="1.0" encoding="utf-8"?>
<Project ToolsVersion="4.0" xmlns="http://schemas.microsoft.com/developer/msbuild/2003">
  <ItemGroup>
    <Filter Include="Source Files">
      <UniqueIdentifier>{4FC737F1-C7A5-4376-A066-2A32D752A2FF}</UniqueIdentifier>
      <Extensions>cpp;c;cc;cxx;c++;def;odl;idl;hpj;bat;asm;asmx</Extensions>
    </Filter>
    <Filter Include="Header Files">
      <UniqueIdentifier>{93995380-89BD-4b04-88EB-625FBE52EBFB}</UniqueIdentifier>
      <Extensions>h;hh;hpp;hxx;h++;hm;inl;inc;ipp;xsd</Extensions>
    </Filter>
    <Filter Include="Resource Files">
      <UniqueIdentifier>{67DA6AB6-F800-4c08-8B7A-83BB121AAD01}</UniqueIdentifier>
      <Extensions>rc;ico;cur;bmp;dlg;rc2;rct;bin;rgs;gif;jpg;jpeg;jpe;resx;tiff;tif;png;wav;mfcribbon-ms</Extensions>
    </Filter>
    <Filter Include="proc">
      <UniqueIdentifier>{6f673430-ee57-4124-b1ca-3e0943d9e5d3}</UniqueIdentifier>
    </Filter>
    <Filter Include="mem">
      <UniqueIdentifier>{510bf1e0-897c-4d96-bc62-1c538e2d86fd}</UniqueIdentifier>
    </Filter>
    <Filter Include="console">
      <UniqueIdentifier>{e6f76f15-ecde-430b-898a-711e56c178b7}</UniqueIdentifier>
    </Filter>
  </ItemGroup>
  <ItemGroup>
    <ClCompile Include="AssaultCubeTrainer.cpp">
      <Filter>Source Files</Filter>
    </ClCompile>
    <ClCompile Include="Proc.cpp">
      <Filter>proc</Filter>
    </ClCompile>
    <ClCompile Include="mem.cpp">
      <Filter>mem</Filter>
    </ClCompile>
  </ItemGroup>
  <ItemGroup>
    <ClInclude Include="Proc.h">
      <Filter>proc</Filter>
    </ClInclude>
    <ClInclude Include="mem.h">
      <Filter>mem</Filter>
    </ClInclude>
    <ClInclude Include="console.h">
      <Filter>console</Filter>
    </ClInclude>
  </ItemGroup>
</Project>